
Microsoft Visual Studio Solution File, Format Version 12.00
Project("{2150E333-8FDC-42A3-9474-1A3956D46DE8}") = "src", "src", "{446E9170-4D7C-436E-A5F3-21DFCFFAF571}"
EndProject
Project("{2150E333-8FDC-42A3-9474-1A3956D46DE8}") = "tests", "tests", "{A21CB5A9-361D-4DB4-B665-8272705FE6E3}"
EndProject
Project("{FAE04EC0-301F-11D3-BF4B-00C04F79EFBC}") = "ImageProcessor.Api", "src\ImageProcessor.Api\ImageProcessor.Api.csproj", "{893ADA35-FDF4-4903-A9EF-2C989E9BD1A8}"
EndProject
Project("{2150E333-8FDC-42A3-9474-1A3956D46DE8}") = "docs", "docs", "{F0E90930-E26F-4CF1-9F4B-01772EFB6D71}"
	ProjectSection(SolutionItems) = preProject
		docs\13.jpg = docs\13.jpg
		docs\12.jpg = docs\12.jpg
		docs\11.jpg = docs\11.jpg
		docs\10.jpg = docs\10.jpg
		docs\9.jpg = docs\9.jpg
		docs\8.jpg = docs\8.jpg
		docs\7.jpg = docs\7.jpg
		docs\6.jpg = docs\6.jpg
		docs\5.jpg = docs\5.jpg
		docs\4.jpg = docs\4.jpg
		docs\3.jpg = docs\3.jpg
		docs\2.jpg = docs\2.jpg
		docs\1.jpg = docs\1.jpg
	EndProjectSection
EndProject
Project("{FAE04EC0-301F-11D3-BF4B-00C04F79EFBC}") = "ImageProcessor.Service", "src\ImageProcessor.Service\ImageProcessor.Service.csproj", "{821A7557-08DB-45CA-97AD-0076D8AF2FED}"
EndProject
Global
	GlobalSection(SolutionConfigurationPlatforms) = preSolution
		Debug|Any CPU = Debug|Any CPU
		Release|Any CPU = Release|Any CPU
	EndGlobalSection
	GlobalSection(NestedProjects) = preSolution
		{893ADA35-FDF4-4903-A9EF-2C989E9BD1A8} = {446E9170-4D7C-436E-A5F3-21DFCFFAF571}
		{821A7557-08DB-45CA-97AD-0076D8AF2FED} = {446E9170-4D7C-436E-A5F3-21DFCFFAF571}
	EndGlobalSection
	GlobalSection(ProjectConfigurationPlatforms) = postSolution
		{893ADA35-FDF4-4903-A9EF-2C989E9BD1A8}.Debug|Any CPU.ActiveCfg = Debug|Any CPU
		{893ADA35-FDF4-4903-A9EF-2C989E9BD1A8}.Debug|Any CPU.Build.0 = Debug|Any CPU
		{893ADA35-FDF4-4903-A9EF-2C989E9BD1A8}.Release|Any CPU.ActiveCfg = Release|Any CPU
		{893ADA35-FDF4-4903-A9EF-2C989E9BD1A8}.Release|Any CPU.Build.0 = Release|Any CPU
		{821A7557-08DB-45CA-97AD-0076D8AF2FED}.Debug|Any CPU.ActiveCfg = Debug|Any CPU
		{821A7557-08DB-45CA-97AD-0076D8AF2FED}.Debug|Any CPU.Build.0 = Debug|Any CPU
		{821A7557-08DB-45CA-97AD-0076D8AF2FED}.Release|Any CPU.ActiveCfg = Release|Any CPU
		{821A7557-08DB-45CA-97AD-0076D8AF2FED}.Release|Any CPU.Build.0 = Release|Any CPU
	EndGlobalSection
EndGlobal
